// !$*UTF8*$!
{
	archiveVersion = 1;
	classes = {
	};
	objectVersion = 46;
	objects = {

/* Begin PBXBuildFile section */
		64841E0E15AB2C780021F97D /* UIKit.framework in Frameworks */ = {isa = PBXBuildFile; fileRef = 64841E0D15AB2C780021F97D /* UIKit.framework */; };
		64841E1015AB2C780021F97D /* Foundation.framework in Frameworks */ = {isa = PBXBuildFile; fileRef = 64841E0F15AB2C780021F97D /* Foundation.framework */; };
		64841E1215AB2C780021F97D /* CoreGraphics.framework in Frameworks */ = {isa = PBXBuildFile; fileRef = 64841E1115AB2C780021F97D /* CoreGraphics.framework */; };
		64841E1815AB2C780021F97D /* InfoPlist.strings in Resources */ = {isa = PBXBuildFile; fileRef = 64841E1615AB2C780021F97D /* InfoPlist.strings */; };
		64841E1A15AB2C780021F97D /* main.m in Sources */ = {isa = PBXBuildFile; fileRef = 64841E1915AB2C780021F97D /* main.m */; };
		64841E1E15AB2C780021F97D /* AZAppDelegate.m in Sources */ = {isa = PBXBuildFile; fileRef = 64841E1D15AB2C780021F97D /* AZAppDelegate.m */; };
		64841E2115AB2C780021F97D /* AZViewController.m in Sources */ = {isa = PBXBuildFile; fileRef = 64841E2015AB2C780021F97D /* AZViewController.m */; };
		64841E2415AB2C780021F97D /* AZViewController.xib in Resources */ = {isa = PBXBuildFile; fileRef = 64841E2215AB2C780021F97D /* AZViewController.xib */; };
		64841E2B15AB2CD20021F97D /* MapKit.framework in Frameworks */ = {isa = PBXBuildFile; fileRef = 64841E2A15AB2CD20021F97D /* MapKit.framework */; };
		64841E3415AB2EA90021F97D /* CoreLocation.framework in Frameworks */ = {isa = PBXBuildFile; fileRef = 64841E3315AB2EA90021F97D /* CoreLocation.framework */; };
/* End PBXBuildFile section */

/* Begin PBXFileReference section */
		64841E0915AB2C780021F97D /* AnnotationDemo.app */ = {isa = PBXFileReference; explicitFileType = wrapper.application; includeInIndex = 0; path = AnnotationDemo.app; sourceTree = BUILT_PRODUCTS_DIR; };
		64841E0D15AB2C780021F97D /* UIKit.framework */ = {isa = PBXFileReference; lastKnownFileType = wrapper.framework; name = UIKit.framework; path = System/Library/Frameworks/UIKit.framework; sourceTree = SDKROOT; };
		64841E0F15AB2C780021F97D /* Foundation.framework */ = {isa = PBXFileReference; lastKnownFileType = wrapper.framework; name = Foundation.framework; path = System/Library/Frameworks/Foundation.framework; sourceTree = SDKROOT; };
		64841E1115AB2C780021F97D /* CoreGraphics.framework */ = {isa = PBXFileReference; lastKnownFileType = wrapper.framework; name = CoreGraphics.framework; path = System/Library/Frameworks/CoreGraphics.framework; sourceTree = SDKROOT; };
		64841E1515AB2C780021F97D /* AnnotationDemo-Info.plist */ = {isa = PBXFileReference; lastKnownFileType = text.plist.xml; path = "AnnotationDemo-Info.plist"; sourceTree = "<group>"; };
		64841E1715AB2C780021F97D /* en */ = {isa = PBXFileReference; lastKnownFileType = text.plist.strings; name = en; path = en.lproj/InfoPlist.strings; sourceTree = "<group>"; };
		64841E1915AB2C780021F97D /* main.m */ = {isa = PBXFileReference; lastKnownFileType = sourcecode.c.objc; path = main.m; sourceTree = "<group>"; };
		64841E1B15AB2C780021F97D /* AnnotationDemo-Prefix.pch */ = {isa = PBXFileReference; lastKnownFileType = sourcecode.c.h; path = "AnnotationDemo-Prefix.pch"; sourceTree = "<group>"; };
		64841E1C15AB2C780021F97D /* AZAppDelegate.h */ = {isa = PBXFileReference; lastKnownFileType = sourcecode.c.h; path = AZAppDelegate.h; sourceTree = "<group>"; };
		64841E1D15AB2C780021F97D /* AZAppDelegate.m */ = {isa = PBXFileReference; lastKnownFileType = sourcecode.c.objc; path = AZAppDelegate.m; sourceTree = "<group>"; };
		64841E1F15AB2C780021F97D /* AZViewController.h */ = {isa = PBXFileReference; lastKnownFileType = sourcecode.c.h; path = AZViewController.h; sourceTree = "<group>"; };
		64841E2015AB2C780021F97D /* AZViewController.m */ = {isa = PBXFileReference; lastKnownFileType = sourcecode.c.objc; path = AZViewController.m; sourceTree = "<group>"; };
		64841E2315AB2C780021F97D /* en */ = {isa = PBXFileReference; lastKnownFileType = file.xib; name = en; path = en.lproj/AZViewController.xib; sourceTree = "<group>"; };
		64841E2A15AB2CD20021F97D /* MapKit.framework */ = {isa = PBXFileReference; lastKnownFileType = wrapper.framework; name = MapKit.framework; path = System/Library/Frameworks/MapKit.framework; sourceTree = SDKROOT; };
		64841E3315AB2EA90021F97D /* CoreLocation.framework */ = {isa = PBXFileReference; lastKnownFileType = wrapper.framework; name = CoreLocation.framework; path = System/Library/Frameworks/CoreLocation.framework; sourceTree = SDKROOT; };
/* End PBXFileReference section */

/* Begin PBXFrameworksBuildPhase section */
		64841E0615AB2C780021F97D /* Frameworks */ = {
			isa = PBXFrameworksBuildPhase;
			buildActionMask = 2147483647;
			files = (
				64841E3415AB2EA90021F97D /* CoreLocation.framework in Frameworks */,
				64841E2B15AB2CD20021F97D /* MapKit.framework in Frameworks */,
				64841E0E15AB2C780021F97D /* UIKit.framework in Frameworks */,
				64841E1015AB2C780021F97D /* Foundation.framework in Frameworks */,
				64841E1215AB2C780021F97D /* CoreGraphics.framework in Frameworks */,
			);
			runOnlyForDeploymentPostprocessing = 0;
		};
/* End PBXFrameworksBuildPhase section */

/* Begin PBXGroup section */
		64841DFE15AB2C780021F97D = {
			isa = PBXGroup;
			children = (
				64841E3315AB2EA90021F97D /* CoreLocation.framework */,
				64841E2A15AB2CD20021F97D /* MapKit.framework */,
				64841E1315AB2C780021F97D /* AnnotationDemo */,
				64841E0C15AB2C780021F97D /* Frameworks */,
				64841E0A15AB2C780021F97D /* Products */,
			);
			sourceTree = "<group>";
		};
		64841E0A15AB2C780021F97D /* Products */ = {
			isa = PBXGroup;
			children = (
				64841E0915AB2C780021F97D /* AnnotationDemo.app */,
			);
			name = Products;
			sourceTree = "<group>";
		};
		64841E0C15AB2C780021F97D /* Frameworks */ = {
			isa = PBXGroup;
			children = (
				64841E0D15AB2C780021F97D /* UIKit.framework */,
				64841E0F15AB2C780021F97D /* Foundation.framework */,
				64841E1115AB2C780021F97D /* CoreGraphics.framework */,
			);
			name = Frameworks;
			sourceTree = "<group>";
		};
		64841E1315AB2C780021F97D /* AnnotationDemo */ = {
			isa = PBXGroup;
			children = (
				64841E1C15AB2C780021F97D /* AZAppDelegate.h */,
				64841E1D15AB2C780021F97D /* AZAppDelegate.m */,
				64841E1F15AB2C780021F97D /* AZViewController.h */,
				64841E2015AB2C780021F97D /* AZViewController.m */,
				64841E2215AB2C780021F97D /* AZViewController.xib */,
				64841E1415AB2C780021F97D /* Supporting Files */,
			);
			path = AnnotationDemo;
			sourceTree = "<group>";
		};
		64841E1415AB2C780021F97D /* Supporting Files */ = {
			isa = PBXGroup;
			children = (
				64841E1515AB2C780021F97D /* AnnotationDemo-Info.plist */,
				64841E1615AB2C780021F97D /* InfoPlist.strings */,
				64841E1915AB2C780021F97D /* main.m */,
				64841E1B15AB2C780021F97D /* AnnotationDemo-Prefix.pch */,
			);
			name = "Supporting Files";
			sourceTree = "<group>";
		};
/* End PBXGroup section */

/* Begin PBXNativeTarget section */
		64841E0815AB2C780021F97D /* AnnotationDemo */ = {
			isa = PBXNativeTarget;
			buildConfigurationList = 64841E2715AB2C780021F97D /* Build configuration list for PBXNativeTarget "AnnotationDemo" */;
			buildPhases = (
				64841E0515AB2C780021F97D /* Sources */,
				64841E0615AB2C780021F97D /* Frameworks */,
				64841E0715AB2C780021F97D /* Resources */,
			);
			buildRules = (
			);
			dependencies = (
			);
			name = AnnotationDemo;
			productName = AnnotationDemo;
			productReference = 64841E0915AB2C780021F97D /* AnnotationDemo.app */;
			productType = "com.apple.product-type.application";
		};
/* End PBXNativeTarget section */

/* Begin PBXProject section */
		64841E0015AB2C780021F97D /* Project object */ = {
			isa = PBXProject;
			attributes = {
				CLASSPREFIX = AZ;
				LastUpgradeCheck = 0430;
				ORGANIZATIONNAME = Azavea;
			};
			buildConfigurationList = 64841E0315AB2C780021F97D /* Build configuration list for PBXProject "AnnotationDemo" */;
			compatibilityVersion = "Xcode 3.2";
			developmentRegion = English;
			hasScannedForEncodings = 0;
			knownRegions = (
				en,
			);
			mainGroup = 64841DFE15AB2C780021F97D;
			productRefGroup = 64841E0A15AB2C780021F97D /* Products */;
			projectDirPath = "";
			projectRoot = "";
			targets = (
				64841E0815AB2C780021F97D /* AnnotationDemo */,
			);
		};
/* End PBXProject section */

/* Begin PBXResourcesBuildPhase section */
		64841E0715AB2C780021F97D /* Resources */ = {
			isa = PBXResourcesBuildPhase;
			buildActionMask = 2147483647;
			files = (
				64841E1815AB2C780021F97D /* InfoPlist.strings in Resources */,
				64841E2415AB2C780021F97D /* AZViewController.xib in Resources */,
			);
			runOnlyForDeploymentPostprocessing = 0;
		};
/* End PBXResourcesBuildPhase section */

/* Begin PBXSourcesBuildPhase section */
		64841E0515AB2C780021F97D /* Sources */ = {
			isa = PBXSourcesBuildPhase;
			buildActionMask = 2147483647;
			files = (
				64841E1A15AB2C780021F97D /* main.m in Sources */,
				64841E1E15AB2C780021F97D /* AZAppDelegate.m in Sources */,
				64841E2115AB2C780021F97D /* AZViewController.m in Sources */,
			);
			runOnlyForDeploymentPostprocessing = 0;
		};
/* End PBXSourcesBuildPhase section */

/* Begin PBXVariantGroup section */
		64841E1615AB2C780021F97D /* InfoPlist.strings */ = {
			isa = PBXVariantGroup;
			children = (
				64841E1715AB2C780021F97D /* en */,
			);
			name = InfoPlist.strings;
			sourceTree = "<group>";
		};
		64841E2215AB2C780021F97D /* AZViewController.xib */ = {
			isa = PBXVariantGroup;
			children = (
				64841E2315AB2C780021F97D /* en */,
			);
			name = AZViewController.xib;
			sourceTree = "<group>";
		};
/* End PBXVariantGroup section */

/* Begin XCBuildConfiguration section */
		64841E2515AB2C780021F97D /* Debug */ = {
			isa = XCBuildConfiguration;
			buildSettings = {
				ALWAYS_SEARCH_USER_PATHS = NO;
				ARCHS = "$(ARCHS_STANDARD_32_BIT)";
				CLANG_ENABLE_OBJC_ARC = YES;
				"CODE_SIGN_IDENTITY[sdk=iphoneos*]" = "iPhone Developer";
				COPY_PHASE_STRIP = NO;
				GCC_C_LANGUAGE_STANDARD = gnu99;
				GCC_DYNAMIC_NO_PIC = NO;
				GCC_OPTIMIZATION_LEVEL = 0;
				GCC_PREPROCESSOR_DEFINITIONS = (
					"DEBUG=1",
					"$(inherited)",
				);
				GCC_SYMBOLS_PRIVATE_EXTERN = NO;
				GCC_VERSION = com.apple.compilers.llvm.clang.1_0;
				GCC_WARN_ABOUT_RETURN_TYPE = YES;
				GCC_WARN_UNINITIALIZED_AUTOS = YES;
				GCC_WARN_UNUSED_VARIABLE = YES;
				IPHONEOS_DEPLOYMENT_TARGET = 5.1;
				SDKROOT = iphoneos;
			};
			name = Debug;
		};
		64841E2615AB2C780021F97D /* Release */ = {
			isa = XCBuildConfiguration;
			buildSettings = {
				ALWAYS_SEARCH_USER_PATHS = NO;
				ARCHS = "$(ARCHS_STANDARD_32_BIT)";
				CLANG_ENABLE_OBJC_ARC = YES;
				"CODE_SIGN_IDENTITY[sdk=iphoneos*]" = "iPhone Developer";
				COPY_PHASE_STRIP = YES;
				GCC_C_LANGUAGE_STANDARD = gnu99;
				GCC_VERSION = com.apple.compilers.llvm.clang.1_0;
				GCC_WARN_ABOUT_RETURN_TYPE = YES;
				GCC_WARN_UNINITIALIZED_AUTOS = YES;
				GCC_WARN_UNUSED_VARIABLE = YES;
				IPHONEOS_DEPLOYMENT_TARGET = 5.1;
				OTHER_CFLAGS = "-DNS_BLOCK_ASSERTIONS=1";
				SDKROOT = iphoneos;
				VALIDATE_PRODUCT = YES;
			};
			name = Release;
		};
		64841E2815AB2C780021F97D /* Debug */ = {
			isa = XCBuildConfiguration;
			buildSettings = {
				GCC_PRECOMPILE_PREFIX_HEADER = YES;
				GCC_PREFIX_HEADER = "AnnotationDemo/AnnotationDemo-Prefix.pch";
				INFOPLIST_FILE = "AnnotationDemo/AnnotationDemo-Info.plist";
				PRODUCT_NAME = "$(TARGET_NAME)";
				WRAPPER_EXTENSION = app;
			};
			name = Debug;
		};
		64841E2915AB2C780021F97D /* Release */ = {
			isa = XCBuildConfiguration;
			buildSettings = {
				GCC_PRECOMPILE_PREFIX_HEADER = YES;
				GCC_PREFIX_HEADER = "AnnotationDemo/AnnotationDemo-Prefix.pch";
				INFOPLIST_FILE = "AnnotationDemo/AnnotationDemo-Info.plist";
				PRODUCT_NAME = "$(TARGET_NAME)";
				WRAPPER_EXTENSION = app;
			};
			name = Release;
		};
/* End XCBuildConfiguration section */

/* Begin XCConfigurationList section */
		64841E0315AB2C780021F97D /* Build configuration list for PBXProject "AnnotationDemo" */ = {
			isa = XCConfigurationList;
			buildConfigurations = (
				64841E2515AB2C780021F97D /* Debug */,
				64841E2615AB2C780021F97D /* Release */,
			);
			defaultConfigurationIsVisible = 0;
			defaultConfigurationName = Release;
		};
		64841E2715AB2C780021F97D /* Build configuration list for PBXNativeTarget "AnnotationDemo" */ = {
			isa = XCConfigurationList;
			buildConfigurations = (
				64841E2815AB2C780021F97D /* Debug */,
				64841E2915AB2C780021F97D /* Release */,
			);
			defaultConfigurationIsVisible = 0;
		};
/* End XCConfigurationList section */
	};
	rootObject = 64841E0015AB2C780021F97D /* Project object */;
}
